{
  "version": 4,
  "terraform_version": "1.9.4",
  "serial": 26,
  "lineage": "f1b79d31-151e-217d-ee0d-d7fce3f046de",
  "outputs": {},
  "resources": [
    {
      "mode": "managed",
      "type": "aws_s3_bucket",
      "name": "flow_logs",
      "provider": "provider[\"registry.terraform.io/hashicorp/aws\"]",
      "instances": [
        {
          "schema_version": 0,
          "attributes": {
            "acceleration_status": "",
            "acl": null,
            "arn": "arn:aws:s3:::flow-logs-bucketvpc07457e1-cn-northwest-1",
            "bucket": "flow-logs-bucketvpc07457e1-cn-northwest-1",
            "bucket_domain_name": "flow-logs-bucketvpc07457e1-cn-northwest-1.s3.amazonaws.com",
            "bucket_prefix": "",
            "bucket_regional_domain_name": "flow-logs-bucketvpc07457e1-cn-northwest-1.s3.ap-south-1.amazonaws.com",
            "cors_rule": [],
            "force_destroy": false,
            "grant": [
              {
                "id": "f5db0a4c3ecd0bcb170819e90a4bfd3d0516027c3a806191571993552a9fa290",
                "permissions": [
                  "FULL_CONTROL"
                ],
                "type": "CanonicalUser",
                "uri": ""
              }
            ],
            "hosted_zone_id": "Z11RGJOFQNVJUP",
            "id": "flow-logs-bucketvpc07457e1-cn-northwest-1",
            "lifecycle_rule": [],
            "logging": [],
            "object_lock_configuration": [],
            "object_lock_enabled": false,
            "policy": "{\"Statement\":[{\"Action\":\"s3:PutObject\",\"Effect\":\"Allow\",\"Principal\":{\"Service\":\"vpc-flow-logs.amazonaws.com\"},\"Resource\":\"arn:aws:s3:::flow-logs-bucketvpc07457e1-cn-northwest-1/AWSLogs/*\",\"Sid\":\"1\"},{\"Action\":[\"s3:DeleteObject\",\"s3:DeleteObjectVersion\"],\"Effect\":\"Deny\",\"Principal\":\"*\",\"Resource\":\"arn:aws:s3:::flow-logs-bucketvpc07457e1-cn-northwest-1/AWSLogs/*\",\"Sid\":\"2\"},{\"Action\":[\"s3:PutObjectAcl\",\"s3:PutObjectVersionAcl\",\"s3:PutObjectTagging\",\"s3:PutObjectVersionTagging\"],\"Effect\":\"Allow\",\"Principal\":{\"AWS\":\"arn:aws:iam::024848447104:user/paramasivam\"},\"Resource\":\"arn:aws:s3:::flow-logs-bucketvpc07457e1-cn-northwest-1/AWSLogs/*\",\"Sid\":\"3\"},{\"Action\":\"s3:PutObject\",\"Condition\":{\"ArnLike\":{\"aws:SourceArn\":\"arn:aws:logs:ap-south-1:024848447104:*\"},\"StringEquals\":{\"aws:SourceAccount\":\"024848447104\",\"s3:x-amz-acl\":\"bucket-owner-full-control\"}},\"Effect\":\"Allow\",\"Principal\":{\"Service\":\"delivery.logs.amazonaws.com\"},\"Resource\":\"arn:aws:s3:::flow-logs-bucketvpc07457e1-cn-northwest-1/AWSLogs/024848447104/*\",\"Sid\":\"AWSLogDeliveryWrite\"},{\"Action\":\"s3:GetBucketAcl\",\"Condition\":{\"ArnLike\":{\"aws:SourceArn\":\"arn:aws:logs:ap-south-1:024848447104:*\"},\"StringEquals\":{\"aws:SourceAccount\":\"024848447104\"}},\"Effect\":\"Allow\",\"Principal\":{\"Service\":\"delivery.logs.amazonaws.com\"},\"Resource\":\"arn:aws:s3:::flow-logs-bucketvpc07457e1-cn-northwest-1\",\"Sid\":\"AWSLogDeliveryAclCheck\"}],\"Version\":\"2012-10-17\"}",
            "region": "ap-south-1",
            "replication_configuration": [],
            "request_payer": "BucketOwner",
            "server_side_encryption_configuration": [
              {
                "rule": [
                  {
                    "apply_server_side_encryption_by_default": [
                      {
                        "kms_master_key_id": "",
                        "sse_algorithm": "AES256"
                      }
                    ],
                    "bucket_key_enabled": false
                  }
                ]
              }
            ],
            "tags": {},
            "tags_all": {},
            "timeouts": null,
            "versioning": [
              {
                "enabled": false,
                "mfa_delete": false
              }
            ],
            "website": [],
            "website_domain": null,
            "website_endpoint": null
          },
          "sensitive_attributes": [],
          "private": "eyJlMmJmYjczMC1lY2FhLTExZTYtOGY4OC0zNDM2M2JjN2M0YzAiOnsiY3JlYXRlIjoxMjAwMDAwMDAwMDAwLCJkZWxldGUiOjM2MDAwMDAwMDAwMDAsInJlYWQiOjEyMDAwMDAwMDAwMDAsInVwZGF0ZSI6MTIwMDAwMDAwMDAwMH19"
        }
      ]
    }
  ],
  "check_results": null
}
